# This file is autogenerated, do not edit; changes may be undone by the next 'dep ensure'.


[[projects]]
  name = "github.com/astaxie/beego"
  packages = [".","config","context","context/param","grace","logs","session","toolbox","utils"]
  revision = "bf5c5626ab429e66d88602e1ab1ab5fbf4629a01"
  version = "v1.9.2"

[[projects]]
  branch = "master"
  name = "github.com/robertkrimen/otto"
  packages = [".","ast","dbg","file","parser","registry","token"]
  revision = "6c383dd335ef8dcccef05e651ce1eccfe4d0f011"

[[projects]]
  name = "gopkg.in/sourcemap.v1"
  packages = [".","base64vlq"]
  revision = "6e83acea0053641eff084973fee085f0c193c61a"
  version = "v1.0.5"

[solve-meta]
  analyzer-name = "dep"
  analyzer-version = 1
  inputs-digest = "1f6c5583685425fef9fe8446fbc56f1caa9a6bca7a56f0283a39336eece8a014"
  solver-name = "gps-cdcl"
  solver-version = 1
